[[package]]
category = "main"
description = "Python library for automatic object validation and serialization."
name = "entities"
optional = false
python-versions = "*"
version = "1.0.0"

[[package]]
category = "main"
description = "ANSII Color formatting for output in terminal."
name = "termcolor"
optional = false
python-versions = "*"
version = "1.1.0"

[metadata]
content-hash = "d9e4bd61e8f4eb436139e67110d8cf8b71c7f736e7dc9e0a3de16ff1b9364f88"
python-versions = "^3.7"

[metadata.hashes]
entities = ["fcf2d8e5d182823a3274e3afb701fee6237d01b7625e57488d65729589b1511b"]
termcolor = ["1d6d69ce66211143803fbc56652b41d73b4a400a2891d7bf7a1cdf4c02de613b"]
